// !$*UTF8*$!
{
	archiveVersion = 1;
	classes = {
	};
	objectVersion = 50;
	objects = {

/* Begin PBXBuildFile section */
		569187B2249DF5BF00468977 /* AppDelegate.swift in Sources */ = {isa = PBXBuildFile; fileRef = 569187B1249DF5BF00468977 /* AppDelegate.swift */; };
		569187B4249DF5BF00468977 /* ViewController.swift in Sources */ = {isa = PBXBuildFile; fileRef = 569187B3249DF5BF00468977 /* ViewController.swift */; };
		569187B7249DF5BF00468977 /* Main.storyboard in Resources */ = {isa = PBXBuildFile; fileRef = 569187B5249DF5BF00468977 /* Main.storyboard */; };
		569187B9249DF5C400468977 /* Assets.xcassets in Resources */ = {isa = PBXBuildFile; fileRef = 569187B8249DF5C400468977 /* Assets.xcassets */; };
		569187BC249DF5C400468977 /* LaunchScreen.storyboard in Resources */ = {isa = PBXBuildFile; fileRef = 569187BA249DF5C400468977 /* LaunchScreen.storyboard */; };
		569187C7249DF5C500468977 /* tvOSTestTests.swift in Sources */ = {isa = PBXBuildFile; fileRef = 569187C6249DF5C500468977 /* tvOSTestTests.swift */; };
		569187D2249DF5C500468977 /* tvOSTestUITests.swift in Sources */ = {isa = PBXBuildFile; fileRef = 569187D1249DF5C500468977 /* tvOSTestUITests.swift */; };
/* End PBXBuildFile section */

/* Begin PBXContainerItemProxy section */
		569187C3249DF5C500468977 /* PBXContainerItemProxy */ = {
			isa = PBXContainerItemProxy;
			containerPortal = 569187A6249DF5BF00468977 /* Project object */;
			proxyType = 1;
			remoteGlobalIDString = 569187AD249DF5BF00468977;
			remoteInfo = tvOSTest;
		};
		569187CE249DF5C500468977 /* PBXContainerItemProxy */ = {
			isa = PBXContainerItemProxy;
			containerPortal = 569187A6249DF5BF00468977 /* Project object */;
			proxyType = 1;
			remoteGlobalIDString = 569187AD249DF5BF00468977;
			remoteInfo = tvOSTest;
		};
/* End PBXContainerItemProxy section */

/* Begin PBXFileReference section */
		569187AE249DF5BF00468977 /* tvOSTest.app */ = {isa = PBXFileReference; explicitFileType = wrapper.application; includeInIndex = 0; path = tvOSTest.app; sourceTree = BUILT_PRODUCTS_DIR; };
		569187B1249DF5BF00468977 /* AppDelegate.swift */ = {isa = PBXFileReference; lastKnownFileType = sourcecode.swift; path = AppDelegate.swift; sourceTree = "<group>"; };
		569187B3249DF5BF00468977 /* ViewController.swift */ = {isa = PBXFileReference; lastKnownFileType = sourcecode.swift; path = ViewController.swift; sourceTree = "<group>"; };
		569187B6249DF5BF00468977 /* Base */ = {isa = PBXFileReference; lastKnownFileType = file.storyboard; name = Base; path = Base.lproj/Main.storyboard; sourceTree = "<group>"; };
		569187B8249DF5C400468977 /* Assets.xcassets */ = {isa = PBXFileReference; lastKnownFileType = folder.assetcatalog; path = Assets.xcassets; sourceTree = "<group>"; };
		569187BB249DF5C400468977 /* Base */ = {isa = PBXFileReference; lastKnownFileType = file.storyboard; name = Base; path = Base.lproj/LaunchScreen.storyboard; sourceTree = "<group>"; };
		569187BD249DF5C400468977 /* Info.plist */ = {isa = PBXFileReference; lastKnownFileType = text.plist.xml; path = Info.plist; sourceTree = "<group>"; };
		569187C2249DF5C500468977 /* tvOSTestTests.xctest */ = {isa = PBXFileReference; explicitFileType = wrapper.cfbundle; includeInIndex = 0; path = tvOSTestTests.xctest; sourceTree = BUILT_PRODUCTS_DIR; };
		569187C6249DF5C500468977 /* tvOSTestTests.swift */ = {isa = PBXFileReference; lastKnownFileType = sourcecode.swift; path = tvOSTestTests.swift; sourceTree = "<group>"; };
		569187C8249DF5C500468977 /* Info.plist */ = {isa = PBXFileReference; lastKnownFileType = text.plist.xml; path = Info.plist; sourceTree = "<group>"; };
		569187CD249DF5C500468977 /* tvOSTestUITests.xctest */ = {isa = PBXFileReference; explicitFileType = wrapper.cfbundle; includeInIndex = 0; path = tvOSTestUITests.xctest; sourceTree = BUILT_PRODUCTS_DIR; };
		569187D1249DF5C500468977 /* tvOSTestUITests.swift */ = {isa = PBXFileReference; lastKnownFileType = sourcecode.swift; path = tvOSTestUITests.swift; sourceTree = "<group>"; };
		569187D3249DF5C500468977 /* Info.plist */ = {isa = PBXFileReference; lastKnownFileType = text.plist.xml; path = Info.plist; sourceTree = "<group>"; };
/* End PBXFileReference section */

/* Begin PBXFrameworksBuildPhase section */
		569187AB249DF5BF00468977 /* Frameworks */ = {
			isa = PBXFrameworksBuildPhase;
			buildActionMask = 2147483647;
			files = (
			);
			runOnlyForDeploymentPostprocessing = 0;
		};
		569187BF249DF5C500468977 /* Frameworks */ = {
			isa = PBXFrameworksBuildPhase;
			buildActionMask = 2147483647;
			files = (
			);
			runOnlyForDeploymentPostprocessing = 0;
		};
		569187CA249DF5C500468977 /* Frameworks */ = {
			isa = PBXFrameworksBuildPhase;
			buildActionMask = 2147483647;
			files = (
			);
			runOnlyForDeploymentPostprocessing = 0;
		};
/* End PBXFrameworksBuildPhase section */

/* Begin PBXGroup section */
		569187A5249DF5BF00468977 = {
			isa = PBXGroup;
			children = (
				569187B0249DF5BF00468977 /* tvOSTest */,
				569187C5249DF5C500468977 /* tvOSTestTests */,
				569187D0249DF5C500468977 /* tvOSTestUITests */,
				569187AF249DF5BF00468977 /* Products */,
			);
			sourceTree = "<group>";
		};
		569187AF249DF5BF00468977 /* Products */ = {
			isa = PBXGroup;
			children = (
				569187AE249DF5BF00468977 /* tvOSTest.app */,
				569187C2249DF5C500468977 /* tvOSTestTests.xctest */,
				569187CD249DF5C500468977 /* tvOSTestUITests.xctest */,
			);
			name = Products;
			sourceTree = "<group>";
		};
		569187B0249DF5BF00468977 /* tvOSTest */ = {
			isa = PBXGroup;
			children = (
				569187B1249DF5BF00468977 /* AppDelegate.swift */,
				569187B3249DF5BF00468977 /* ViewController.swift */,
				569187B5249DF5BF00468977 /* Main.storyboard */,
				569187B8249DF5C400468977 /* Assets.xcassets */,
				569187BA249DF5C400468977 /* LaunchScreen.storyboard */,
				569187BD249DF5C400468977 /* Info.plist */,
			);
			path = tvOSTest;
			sourceTree = "<group>";
		};
		569187C5249DF5C500468977 /* tvOSTestTests */ = {
			isa = PBXGroup;
			children = (
				569187C6249DF5C500468977 /* tvOSTestTests.swift */,
				569187C8249DF5C500468977 /* Info.plist */,
			);
			path = tvOSTestTests;
			sourceTree = "<group>";
		};
		569187D0249DF5C500468977 /* tvOSTestUITests */ = {
			isa = PBXGroup;
			children = (
				569187D1249DF5C500468977 /* tvOSTestUITests.swift */,
				569187D3249DF5C500468977 /* Info.plist */,
			);
			path = tvOSTestUITests;
			sourceTree = "<group>";
		};
/* End PBXGroup section */

/* Begin PBXNativeTarget section */
		569187AD249DF5BF00468977 /* tvOSTest */ = {
			isa = PBXNativeTarget;
			buildConfigurationList = 569187D6249DF5C500468977 /* Build configuration list for PBXNativeTarget "tvOSTest" */;
			buildPhases = (
				569187AA249DF5BF00468977 /* Sources */,
				569187AB249DF5BF00468977 /* Frameworks */,
				569187AC249DF5BF00468977 /* Resources */,
			);
			buildRules = (
			);
			dependencies = (
			);
			name = tvOSTest;
			productName = tvOSTest;
			productReference = 569187AE249DF5BF00468977 /* tvOSTest.app */;
			productType = "com.apple.product-type.application";
		};
		569187C1249DF5C500468977 /* tvOSTestTests */ = {
			isa = PBXNativeTarget;
			buildConfigurationList = 569187D9249DF5C500468977 /* Build configuration list for PBXNativeTarget "tvOSTestTests" */;
			buildPhases = (
				569187BE249DF5C500468977 /* Sources */,
				569187BF249DF5C500468977 /* Frameworks */,
				569187C0249DF5C500468977 /* Resources */,
			);
			buildRules = (
			);
			dependencies = (
				569187C4249DF5C500468977 /* PBXTargetDependency */,
			);
			name = tvOSTestTests;
			productName = tvOSTestTests;
			productReference = 569187C2249DF5C500468977 /* tvOSTestTests.xctest */;
			productType = "com.apple.product-type.bundle.unit-test";
		};
		569187CC249DF5C500468977 /* tvOSTestUITests */ = {
			isa = PBXNativeTarget;
			buildConfigurationList = 569187DC249DF5C500468977 /* Build configuration list for PBXNativeTarget "tvOSTestUITests" */;
			buildPhases = (
				569187C9249DF5C500468977 /* Sources */,
				569187CA249DF5C500468977 /* Frameworks */,
				569187CB249DF5C500468977 /* Resources */,
			);
			buildRules = (
			);
			dependencies = (
				569187CF249DF5C500468977 /* PBXTargetDependency */,
			);
			name = tvOSTestUITests;
			productName = tvOSTestUITests;
			productReference = 569187CD249DF5C500468977 /* tvOSTestUITests.xctest */;
			productType = "com.apple.product-type.bundle.ui-testing";
		};
/* End PBXNativeTarget section */

/* Begin PBXProject section */
		569187A6249DF5BF00468977 /* Project object */ = {
			isa = PBXProject;
			attributes = {
				LastSwiftUpdateCheck = 1150;
				LastUpgradeCheck = 1150;
				ORGANIZATIONNAME = "Alexey Nikiforov";
				TargetAttributes = {
					569187AD249DF5BF00468977 = {
						CreatedOnToolsVersion = 11.5;
					};
					569187C1249DF5C500468977 = {
						CreatedOnToolsVersion = 11.5;
						TestTargetID = 569187AD249DF5BF00468977;
					};
					569187CC249DF5C500468977 = {
						CreatedOnToolsVersion = 11.5;
						TestTargetID = 569187AD249DF5BF00468977;
					};
				};
			};
			buildConfigurationList = 569187A9249DF5BF00468977 /* Build configuration list for PBXProject "tvOSTest" */;
			compatibilityVersion = "Xcode 9.3";
			developmentRegion = en;
			hasScannedForEncodings = 0;
			knownRegions = (
				en,
				Base,
			);
			mainGroup = 569187A5249DF5BF00468977;
			productRefGroup = 569187AF249DF5BF00468977 /* Products */;
			projectDirPath = "";
			projectRoot = "";
			targets = (
				569187AD249DF5BF00468977 /* tvOSTest */,
				569187C1249DF5C500468977 /* tvOSTestTests */,
				569187CC249DF5C500468977 /* tvOSTestUITests */,
			);
		};
/* End PBXProject section */

/* Begin PBXResourcesBuildPhase section */
		569187AC249DF5BF00468977 /* Resources */ = {
			isa = PBXResourcesBuildPhase;
			buildActionMask = 2147483647;
			files = (
				569187BC249DF5C400468977 /* LaunchScreen.storyboard in Resources */,
				569187B9249DF5C400468977 /* Assets.xcassets in Resources */,
				569187B7249DF5BF00468977 /* Main.storyboard in Resources */,
			);
			runOnlyForDeploymentPostprocessing = 0;
		};
		569187C0249DF5C500468977 /* Resources */ = {
			isa = PBXResourcesBuildPhase;
			buildActionMask = 2147483647;
			files = (
			);
			runOnlyForDeploymentPostprocessing = 0;
		};
		569187CB249DF5C500468977 /* Resources */ = {
			isa = PBXResourcesBuildPhase;
			buildActionMask = 2147483647;
			files = (
			);
			runOnlyForDeploymentPostprocessing = 0;
		};
/* End PBXResourcesBuildPhase section */

/* Begin PBXSourcesBuildPhase section */
		569187AA249DF5BF00468977 /* Sources */ = {
			isa = PBXSourcesBuildPhase;
			buildActionMask = 2147483647;
			files = (
				569187B4249DF5BF00468977 /* ViewController.swift in Sources */,
				569187B2249DF5BF00468977 /* AppDelegate.swift in Sources */,
			);
			runOnlyForDeploymentPostprocessing = 0;
		};
		569187BE249DF5C500468977 /* Sources */ = {
			isa = PBXSourcesBuildPhase;
			buildActionMask = 2147483647;
			files = (
				569187C7249DF5C500468977 /* tvOSTestTests.swift in Sources */,
			);
			runOnlyForDeploymentPostprocessing = 0;
		};
		569187C9249DF5C500468977 /* Sources */ = {
			isa = PBXSourcesBuildPhase;
			buildActionMask = 2147483647;
			files = (
				569187D2249DF5C500468977 /* tvOSTestUITests.swift in Sources */,
			);
			runOnlyForDeploymentPostprocessing = 0;
		};
/* End PBXSourcesBuildPhase section */

/* Begin PBXTargetDependency section */
		569187C4249DF5C500468977 /* PBXTargetDependency */ = {
			isa = PBXTargetDependency;
			target = 569187AD249DF5BF00468977 /* tvOSTest */;
			targetProxy = 569187C3249DF5C500468977 /* PBXContainerItemProxy */;
		};
		569187CF249DF5C500468977 /* PBXTargetDependency */ = {
			isa = PBXTargetDependency;
			target = 569187AD249DF5BF00468977 /* tvOSTest */;
			targetProxy = 569187CE249DF5C500468977 /* PBXContainerItemProxy */;
		};
/* End PBXTargetDependency section */

/* Begin PBXVariantGroup section */
		569187B5249DF5BF00468977 /* Main.storyboard */ = {
			isa = PBXVariantGroup;
			children = (
				569187B6249DF5BF00468977 /* Base */,
			);
			name = Main.storyboard;
			sourceTree = "<group>";
		};
		569187BA249DF5C400468977 /* LaunchScreen.storyboard */ = {
			isa = PBXVariantGroup;
			children = (
				569187BB249DF5C400468977 /* Base */,
			);
			name = LaunchScreen.storyboard;
			sourceTree = "<group>";
		};
/* End PBXVariantGroup section */

/* Begin XCBuildConfiguration section */
		569187D4249DF5C500468977 /* Debug */ = {
			isa = XCBuildConfiguration;
			buildSettings = {
				ALWAYS_SEARCH_USER_PATHS = NO;
				CLANG_ANALYZER_NONNULL = YES;
				CLANG_ANALYZER_NUMBER_OBJECT_CONVERSION = YES_AGGRESSIVE;
				CLANG_CXX_LANGUAGE_STANDARD = "gnu++14";
				CLANG_CXX_LIBRARY = "libc++";
				CLANG_ENABLE_MODULES = YES;
				CLANG_ENABLE_OBJC_ARC = YES;
				CLANG_ENABLE_OBJC_WEAK = YES;
				CLANG_WARN_BLOCK_CAPTURE_AUTORELEASING = YES;
				CLANG_WARN_BOOL_CONVERSION = YES;
				CLANG_WARN_COMMA = YES;
				CLANG_WARN_CONSTANT_CONVERSION = YES;
				CLANG_WARN_DEPRECATED_OBJC_IMPLEMENTATIONS = YES;
				CLANG_WARN_DIRECT_OBJC_ISA_USAGE = YES_ERROR;
				CLANG_WARN_DOCUMENTATION_COMMENTS = YES;
				CLANG_WARN_EMPTY_BODY = YES;
				CLANG_WARN_ENUM_CONVERSION = YES;
				CLANG_WARN_INFINITE_RECURSION = YES;
				CLANG_WARN_INT_CONVERSION = YES;
				CLANG_WARN_NON_LITERAL_NULL_CONVERSION = YES;
				CLANG_WARN_OBJC_IMPLICIT_RETAIN_SELF = YES;
				CLANG_WARN_OBJC_LITERAL_CONVERSION = YES;
				CLANG_WARN_OBJC_ROOT_CLASS = YES_ERROR;
				CLANG_WARN_RANGE_LOOP_ANALYSIS = YES;
				CLANG_WARN_STRICT_PROTOTYPES = YES;
				CLANG_WARN_SUSPICIOUS_MOVE = YES;
				CLANG_WARN_UNGUARDED_AVAILABILITY = YES_AGGRESSIVE;
				CLANG_WARN_UNREACHABLE_CODE = YES;
				CLANG_WARN__DUPLICATE_METHOD_MATCH = YES;
				COPY_PHASE_STRIP = NO;
				DEBUG_INFORMATION_FORMAT = dwarf;
				ENABLE_STRICT_OBJC_MSGSEND = YES;
				ENABLE_TESTABILITY = YES;
				GCC_C_LANGUAGE_STANDARD = gnu11;
				GCC_DYNAMIC_NO_PIC = NO;
				GCC_NO_COMMON_BLOCKS = YES;
				GCC_OPTIMIZATION_LEVEL = 0;
				GCC_PREPROCESSOR_DEFINITIONS = (
					"DEBUG=1",
					"$(inherited)",
				);
				GCC_WARN_64_TO_32_BIT_CONVERSION = YES;
				GCC_WARN_ABOUT_RETURN_TYPE = YES_ERROR;
				GCC_WARN_UNDECLARED_SELECTOR = YES;
				GCC_WARN_UNINITIALIZED_AUTOS = YES_AGGRESSIVE;
				GCC_WARN_UNUSED_FUNCTION = YES;
				GCC_WARN_UNUSED_VARIABLE = YES;
				MTL_ENABLE_DEBUG_INFO = INCLUDE_SOURCE;
				MTL_FAST_MATH = YES;
				ONLY_ACTIVE_ARCH = YES;
				SDKROOT = appletvos;
				SWIFT_ACTIVE_COMPILATION_CONDITIONS = DEBUG;
				SWIFT_OPTIMIZATION_LEVEL = "-Onone";
				TVOS_DEPLOYMENT_TARGET = 13.4;
			};
			name = Debug;
		};
		569187D5249DF5C500468977 /* Release */ = {
			isa = XCBuildConfiguration;
			buildSettings = {
				ALWAYS_SEARCH_USER_PATHS = NO;
				CLANG_ANALYZER_NONNULL = YES;
				CLANG_ANALYZER_NUMBER_OBJECT_CONVERSION = YES_AGGRESSIVE;
				CLANG_CXX_LANGUAGE_STANDARD = "gnu++14";
				CLANG_CXX_LIBRARY = "libc++";
				CLANG_ENABLE_MODULES = YES;
				CLANG_ENABLE_OBJC_ARC = YES;
				CLANG_ENABLE_OBJC_WEAK = YES;
				CLANG_WARN_BLOCK_CAPTURE_AUTORELEASING = YES;
				CLANG_WARN_BOOL_CONVERSION = YES;
				CLANG_WARN_COMMA = YES;
				CLANG_WARN_CONSTANT_CONVERSION = YES;
				CLANG_WARN_DEPRECATED_OBJC_IMPLEMENTATIONS = YES;
				CLANG_WARN_DIRECT_OBJC_ISA_USAGE = YES_ERROR;
				CLANG_WARN_DOCUMENTATION_COMMENTS = YES;
				CLANG_WARN_EMPTY_BODY = YES;
				CLANG_WARN_ENUM_CONVERSION = YES;
				CLANG_WARN_INFINITE_RECURSION = YES;
				CLANG_WARN_INT_CONVERSION = YES;
				CLANG_WARN_NON_LITERAL_NULL_CONVERSION = YES;
				CLANG_WARN_OBJC_IMPLICIT_RETAIN_SELF = YES;
				CLANG_WARN_OBJC_LITERAL_CONVERSION = YES;
				CLANG_WARN_OBJC_ROOT_CLASS = YES_ERROR;
				CLANG_WARN_RANGE_LOOP_ANALYSIS = YES;
				CLANG_WARN_STRICT_PROTOTYPES = YES;
				CLANG_WARN_SUSPICIOUS_MOVE = YES;
				CLANG_WARN_UNGUARDED_AVAILABILITY = YES_AGGRESSIVE;
				CLANG_WARN_UNREACHABLE_CODE = YES;
				CLANG_WARN__DUPLICATE_METHOD_MATCH = YES;
				COPY_PHASE_STRIP = NO;
				DEBUG_INFORMATION_FORMAT = "dwarf-with-dsym";
				ENABLE_NS_ASSERTIONS = NO;
				ENABLE_STRICT_OBJC_MSGSEND = YES;
				GCC_C_LANGUAGE_STANDARD = gnu11;
				GCC_NO_COMMON_BLOCKS = YES;
				GCC_WARN_64_TO_32_BIT_CONVERSION = YES;
				GCC_WARN_ABOUT_RETURN_TYPE = YES_ERROR;
				GCC_WARN_UNDECLARED_SELECTOR = YES;
				GCC_WARN_UNINITIALIZED_AUTOS = YES_AGGRESSIVE;
				GCC_WARN_UNUSED_FUNCTION = YES;
				GCC_WARN_UNUSED_VARIABLE = YES;
				MTL_ENABLE_DEBUG_INFO = NO;
				MTL_FAST_MATH = YES;
				SDKROOT = appletvos;
				SWIFT_COMPILATION_MODE = wholemodule;
				SWIFT_OPTIMIZATION_LEVEL = "-O";
				TVOS_DEPLOYMENT_TARGET = 13.4;
				VALIDATE_PRODUCT = YES;
			};
			name = Release;
		};
		569187D7249DF5C500468977 /* Debug */ = {
			isa = XCBuildConfiguration;
			buildSettings = {
				ASSETCATALOG_COMPILER_APPICON_NAME = "App Icon & Top Shelf Image";
				CODE_SIGN_STYLE = Automatic;
				DEVELOPMENT_TEAM = ZMPX9KWTBT;
				INFOPLIST_FILE = tvOSTest/Info.plist;
				LD_RUNPATH_SEARCH_PATHS = (
					"$(inherited)",
					"@executable_path/Frameworks",
				);
				PRODUCT_BUNDLE_IDENTIFIER = ru.remotecrm.tvOSTest;
				PRODUCT_NAME = "$(TARGET_NAME)";
				SWIFT_VERSION = 5.0;
				TARGETED_DEVICE_FAMILY = 3;
			};
			name = Debug;
		};
		569187D8249DF5C500468977 /* Release */ = {
			isa = XCBuildConfiguration;
			buildSettings = {
				ASSETCATALOG_COMPILER_APPICON_NAME = "App Icon & Top Shelf Image";
				CODE_SIGN_STYLE = Automatic;
				DEVELOPMENT_TEAM = ZMPX9KWTBT;
				INFOPLIST_FILE = tvOSTest/Info.plist;
				LD_RUNPATH_SEARCH_PATHS = (
					"$(inherited)",
					"@executable_path/Frameworks",
				);
				PRODUCT_BUNDLE_IDENTIFIER = ru.remotecrm.tvOSTest;
				PRODUCT_NAME = "$(TARGET_NAME)";
				SWIFT_VERSION = 5.0;
				TARGETED_DEVICE_FAMILY = 3;
			};
			name = Release;
		};
		569187DA249DF5C500468977 /* Debug */ = {
			isa = XCBuildConfiguration;
			buildSettings = {
				ALWAYS_EMBED_SWIFT_STANDARD_LIBRARIES = YES;
				BUNDLE_LOADER = "$(TEST_HOST)";
				CODE_SIGN_STYLE = Automatic;
				DEVELOPMENT_TEAM = ZMPX9KWTBT;
				INFOPLIST_FILE = tvOSTestTests/Info.plist;
				LD_RUNPATH_SEARCH_PATHS = (
					"$(inherited)",
					"@executable_path/Frameworks",
					"@loader_path/Frameworks",
				);
				PRODUCT_BUNDLE_IDENTIFIER = ru.remotecrm.tvOSTestTests;
				PRODUCT_NAME = "$(TARGET_NAME)";
				SWIFT_VERSION = 5.0;
				TARGETED_DEVICE_FAMILY = 3;
				TEST_HOST = "$(BUILT_PRODUCTS_DIR)/tvOSTest.app/tvOSTest";
				TVOS_DEPLOYMENT_TARGET = 13.4;
			};
			name = Debug;
		};
		569187DB249DF5C500468977 /* Release */ = {
			isa = XCBuildConfiguration;
			buildSettings = {
				ALWAYS_EMBED_SWIFT_STANDARD_LIBRARIES = YES;
				BUNDLE_LOADER = "$(TEST_HOST)";
				CODE_SIGN_STYLE = Automatic;
				DEVELOPMENT_TEAM = ZMPX9KWTBT;
				INFOPLIST_FILE = tvOSTestTests/Info.plist;
				LD_RUNPATH_SEARCH_PATHS = (
					"$(inherited)",
					"@executable_path/Frameworks",
					"@loader_path/Frameworks",
				);
				PRODUCT_BUNDLE_IDENTIFIER = ru.remotecrm.tvOSTestTests;
				PRODUCT_NAME = "$(TARGET_NAME)";
				SWIFT_VERSION = 5.0;
				TARGETED_DEVICE_FAMILY = 3;
				TEST_HOST = "$(BUILT_PRODUCTS_DIR)/tvOSTest.app/tvOSTest";
				TVOS_DEPLOYMENT_TARGET = 13.4;
			};
			name = Release;
		};
		569187DD249DF5C500468977 /* Debug */ = {
			isa = XCBuildConfiguration;
			buildSettings = {
				ALWAYS_EMBED_SWIFT_STANDARD_LIBRARIES = YES;
				CODE_SIGN_STYLE = Automatic;
				DEVELOPMENT_TEAM = ZMPX9KWTBT;
				INFOPLIST_FILE = tvOSTestUITests/Info.plist;
				LD_RUNPATH_SEARCH_PATHS = (
					"$(inherited)",
					"@executable_path/Frameworks",
					"@loader_path/Frameworks",
				);
				PRODUCT_BUNDLE_IDENTIFIER = ru.remotecrm.tvOSTestUITests;
				PRODUCT_NAME = "$(TARGET_NAME)";
				SWIFT_VERSION = 5.0;
				TARGETED_DEVICE_FAMILY = 3;
				TEST_TARGET_NAME = tvOSTest;
			};
			name = Debug;
		};
		569187DE249DF5C500468977 /* Release */ = {
			isa = XCBuildConfiguration;
			buildSettings = {
				ALWAYS_EMBED_SWIFT_STANDARD_LIBRARIES = YES;
				CODE_SIGN_STYLE = Automatic;
				DEVELOPMENT_TEAM = ZMPX9KWTBT;
				INFOPLIST_FILE = tvOSTestUITests/Info.plist;
				LD_RUNPATH_SEARCH_PATHS = (
					"$(inherited)",
					"@executable_path/Frameworks",
					"@loader_path/Frameworks",
				);
				PRODUCT_BUNDLE_IDENTIFIER = ru.remotecrm.tvOSTestUITests;
				PRODUCT_NAME = "$(TARGET_NAME)";
				SWIFT_VERSION = 5.0;
				TARGETED_DEVICE_FAMILY = 3;
				TEST_TARGET_NAME = tvOSTest;
			};
			name = Release;
		};
/* End XCBuildConfiguration section */

/* Begin XCConfigurationList section */
		569187A9249DF5BF00468977 /* Build configuration list for PBXProject "tvOSTest" */ = {
			isa = XCConfigurationList;
			buildConfigurations = (
				569187D4249DF5C500468977 /* Debug */,
				569187D5249DF5C500468977 /* Release */,
			);
			defaultConfigurationIsVisible = 0;
			defaultConfigurationName = Release;
		};
		569187D6249DF5C500468977 /* Build configuration list for PBXNativeTarget "tvOSTest" */ = {
			isa = XCConfigurationList;
			buildConfigurations = (
				569187D7249DF5C500468977 /* Debug */,
				569187D8249DF5C500468977 /* Release */,
			);
			defaultConfigurationIsVisible = 0;
			defaultConfigurationName = Release;
		};
		569187D9249DF5C500468977 /* Build configuration list for PBXNativeTarget "tvOSTestTests" */ = {
			isa = XCConfigurationList;
			buildConfigurations = (
				569187DA249DF5C500468977 /* Debug */,
				569187DB249DF5C500468977 /* Release */,
			);
			defaultConfigurationIsVisible = 0;
			defaultConfigurationName = Release;
		};
		569187DC249DF5C500468977 /* Build configuration list for PBXNativeTarget "tvOSTestUITests" */ = {
			isa = XCConfigurationList;
			buildConfigurations = (
				569187DD249DF5C500468977 /* Debug */,
				569187DE249DF5C500468977 /* Release */,
			);
			defaultConfigurationIsVisible = 0;
			defaultConfigurationName = Release;
		};
/* End XCConfigurationList section */
	};
	rootObject = 569187A6249DF5BF00468977 /* Project object */;
}
